
Microsoft Visual Studio Solution File, Format Version 12.00
# Visual Studio Version 17
VisualStudioVersion = 17.4.33122.133
MinimumVisualStudioVersion = 10.0.40219.1
Project("{FAE04EC0-301F-11D3-BF4B-00C04F79EFBC}") = "DamageCounterWPF2", "DamageCounterWPF2\DamageCounterWPF2.csproj", "{1080823E-DB84-4D52-B830-6D837752747E}"
EndProject
Global
	GlobalSection(SolutionConfigurationPlatforms) = preSolution
		Debug|Any CPU = Debug|Any CPU
		Release|Any CPU = Release|Any CPU
	EndGlobalSection
	GlobalSection(ProjectConfigurationPlatforms) = postSolution
		{1080823E-DB84-4D52-B830-6D837752747E}.Debug|Any CPU.ActiveCfg = Debug|Any CPU
		{1080823E-DB84-4D52-B830-6D837752747E}.Debug|Any CPU.Build.0 = Debug|Any CPU
		{1080823E-DB84-4D52-B830-6D837752747E}.Release|Any CPU.ActiveCfg = Release|Any CPU
		{1080823E-DB84-4D52-B830-6D837752747E}.Release|Any CPU.Build.0 = Release|Any CPU
	EndGlobalSection
	GlobalSection(SolutionProperties) = preSolution
		HideSolutionNode = FALSE
	EndGlobalSection
	GlobalSection(ExtensibilityGlobals) = postSolution
		SolutionGuid = {DBA85CEA-1D16-4888-A789-B31BEBD61468}
	EndGlobalSection
EndGlobal
